// !$*UTF8*$!
{
	archiveVersion = 1;
	classes = {
	};
	objectVersion = 46;
	objects = {

/* Begin PBXBuildFile section */
		EE5591A41E48ED4C001A48CC /* AppDelegate.swift in Sources */ = {isa = PBXBuildFile; fileRef = EE5591A31E48ED4C001A48CC /* AppDelegate.swift */; };
		EE5591A61E48ED4C001A48CC /* ViewController.swift in Sources */ = {isa = PBXBuildFile; fileRef = EE5591A51E48ED4C001A48CC /* ViewController.swift */; };
		EE5591A91E48ED4C001A48CC /* Main.storyboard in Resources */ = {isa = PBXBuildFile; fileRef = EE5591A71E48ED4C001A48CC /* Main.storyboard */; };
		EE5591AB1E48ED4C001A48CC /* Assets.xcassets in Resources */ = {isa = PBXBuildFile; fileRef = EE5591AA1E48ED4C001A48CC /* Assets.xcassets */; };
		EE5591AE1E48ED4C001A48CC /* LaunchScreen.storyboard in Resources */ = {isa = PBXBuildFile; fileRef = EE5591AC1E48ED4C001A48CC /* LaunchScreen.storyboard */; };
		EE5591B91E48F7E7001A48CC /* News.swift in Sources */ = {isa = PBXBuildFile; fileRef = EE5591B81E48F7E7001A48CC /* News.swift */; };
		EE5591BB1E48F871001A48CC /* NewsCell.swift in Sources */ = {isa = PBXBuildFile; fileRef = EE5591BA1E48F871001A48CC /* NewsCell.swift */; };
/* End PBXBuildFile section */

/* Begin PBXFileReference section */
		EE5591A01E48ED4C001A48CC /* SNews.app */ = {isa = PBXFileReference; explicitFileType = wrapper.application; includeInIndex = 0; path = SNews.app; sourceTree = BUILT_PRODUCTS_DIR; };
		EE5591A31E48ED4C001A48CC /* AppDelegate.swift */ = {isa = PBXFileReference; lastKnownFileType = sourcecode.swift; path = AppDelegate.swift; sourceTree = "<group>"; };
		EE5591A51E48ED4C001A48CC /* ViewController.swift */ = {isa = PBXFileReference; lastKnownFileType = sourcecode.swift; path = ViewController.swift; sourceTree = "<group>"; };
		EE5591A81E48ED4C001A48CC /* Base */ = {isa = PBXFileReference; lastKnownFileType = file.storyboard; name = Base; path = Base.lproj/Main.storyboard; sourceTree = "<group>"; };
		EE5591AA1E48ED4C001A48CC /* Assets.xcassets */ = {isa = PBXFileReference; lastKnownFileType = folder.assetcatalog; path = Assets.xcassets; sourceTree = "<group>"; };
		EE5591AD1E48ED4C001A48CC /* Base */ = {isa = PBXFileReference; lastKnownFileType = file.storyboard; name = Base; path = Base.lproj/LaunchScreen.storyboard; sourceTree = "<group>"; };
		EE5591AF1E48ED4C001A48CC /* Info.plist */ = {isa = PBXFileReference; lastKnownFileType = text.plist.xml; path = Info.plist; sourceTree = "<group>"; };
		EE5591B81E48F7E7001A48CC /* News.swift */ = {isa = PBXFileReference; fileEncoding = 4; lastKnownFileType = sourcecode.swift; path = News.swift; sourceTree = "<group>"; };
		EE5591BA1E48F871001A48CC /* NewsCell.swift */ = {isa = PBXFileReference; fileEncoding = 4; lastKnownFileType = sourcecode.swift; path = NewsCell.swift; sourceTree = "<group>"; };
/* End PBXFileReference section */

/* Begin PBXFrameworksBuildPhase section */
		EE55919D1E48ED4C001A48CC /* Frameworks */ = {
			isa = PBXFrameworksBuildPhase;
			buildActionMask = 2147483647;
			files = (
			);
			runOnlyForDeploymentPostprocessing = 0;
		};
/* End PBXFrameworksBuildPhase section */

/* Begin PBXGroup section */
		EE5591971E48ED4C001A48CC = {
			isa = PBXGroup;
			children = (
				EE5591A21E48ED4C001A48CC /* SNews */,
				EE5591A11E48ED4C001A48CC /* Products */,
			);
			sourceTree = "<group>";
		};
		EE5591A11E48ED4C001A48CC /* Products */ = {
			isa = PBXGroup;
			children = (
				EE5591A01E48ED4C001A48CC /* SNews.app */,
			);
			name = Products;
			sourceTree = "<group>";
		};
		EE5591A21E48ED4C001A48CC /* SNews */ = {
			isa = PBXGroup;
			children = (
				EE5591B71E48F763001A48CC /* Model */,
				EE5591B61E48F75C001A48CC /* View */,
				EE5591B51E48F752001A48CC /* Controller */,
				EE5591A31E48ED4C001A48CC /* AppDelegate.swift */,
				EE5591A71E48ED4C001A48CC /* Main.storyboard */,
				EE5591AA1E48ED4C001A48CC /* Assets.xcassets */,
				EE5591AC1E48ED4C001A48CC /* LaunchScreen.storyboard */,
				EE5591AF1E48ED4C001A48CC /* Info.plist */,
			);
			path = SNews;
			sourceTree = "<group>";
		};
		EE5591B51E48F752001A48CC /* Controller */ = {
			isa = PBXGroup;
			children = (
				EE5591A51E48ED4C001A48CC /* ViewController.swift */,
			);
			name = Controller;
			sourceTree = "<group>";
		};
		EE5591B61E48F75C001A48CC /* View */ = {
			isa = PBXGroup;
			children = (
				EE5591BA1E48F871001A48CC /* NewsCell.swift */,
			);
			name = View;
			sourceTree = "<group>";
		};
		EE5591B71E48F763001A48CC /* Model */ = {
			isa = PBXGroup;
			children = (
				EE5591B81E48F7E7001A48CC /* News.swift */,
			);
			name = Model;
			sourceTree = "<group>";
		};
/* End PBXGroup section */

/* Begin PBXNativeTarget section */
		EE55919F1E48ED4C001A48CC /* SNews */ = {
			isa = PBXNativeTarget;
			buildConfigurationList = EE5591B21E48ED4C001A48CC /* Build configuration list for PBXNativeTarget "SNews" */;
			buildPhases = (
				EE55919C1E48ED4C001A48CC /* Sources */,
				EE55919D1E48ED4C001A48CC /* Frameworks */,
				EE55919E1E48ED4C001A48CC /* Resources */,
			);
			buildRules = (
			);
			dependencies = (
			);
			name = SNews;
			productName = SNews;
			productReference = EE5591A01E48ED4C001A48CC /* SNews.app */;
			productType = "com.apple.product-type.application";
		};
/* End PBXNativeTarget section */

/* Begin PBXProject section */
		EE5591981E48ED4C001A48CC /* Project object */ = {
			isa = PBXProject;
			attributes = {
				LastSwiftUpdateCheck = 0820;
				LastUpgradeCheck = 0820;
				ORGANIZATIONNAME = Sukhrat;
				TargetAttributes = {
					EE55919F1E48ED4C001A48CC = {
						CreatedOnToolsVersion = 8.2.1;
						ProvisioningStyle = Automatic;
					};
				};
			};
			buildConfigurationList = EE55919B1E48ED4C001A48CC /* Build configuration list for PBXProject "SNews" */;
			compatibilityVersion = "Xcode 3.2";
			developmentRegion = English;
			hasScannedForEncodings = 0;
			knownRegions = (
				en,
				Base,
			);
			mainGroup = EE5591971E48ED4C001A48CC;
			productRefGroup = EE5591A11E48ED4C001A48CC /* Products */;
			projectDirPath = "";
			projectRoot = "";
			targets = (
				EE55919F1E48ED4C001A48CC /* SNews */,
			);
		};
/* End PBXProject section */

/* Begin PBXResourcesBuildPhase section */
		EE55919E1E48ED4C001A48CC /* Resources */ = {
			isa = PBXResourcesBuildPhase;
			buildActionMask = 2147483647;
			files = (
				EE5591AE1E48ED4C001A48CC /* LaunchScreen.storyboard in Resources */,
				EE5591AB1E48ED4C001A48CC /* Assets.xcassets in Resources */,
				EE5591A91E48ED4C001A48CC /* Main.storyboard in Resources */,
			);
			runOnlyForDeploymentPostprocessing = 0;
		};
/* End PBXResourcesBuildPhase section */

/* Begin PBXSourcesBuildPhase section */
		EE55919C1E48ED4C001A48CC /* Sources */ = {
			isa = PBXSourcesBuildPhase;
			buildActionMask = 2147483647;
			files = (
				EE5591B91E48F7E7001A48CC /* News.swift in Sources */,
				EE5591A61E48ED4C001A48CC /* ViewController.swift in Sources */,
				EE5591BB1E48F871001A48CC /* NewsCell.swift in Sources */,
				EE5591A41E48ED4C001A48CC /* AppDelegate.swift in Sources */,
			);
			runOnlyForDeploymentPostprocessing = 0;
		};
/* End PBXSourcesBuildPhase section */

/* Begin PBXVariantGroup section */
		EE5591A71E48ED4C001A48CC /* Main.storyboard */ = {
			isa = PBXVariantGroup;
			children = (
				EE5591A81E48ED4C001A48CC /* Base */,
			);
			name = Main.storyboard;
			sourceTree = "<group>";
		};
		EE5591AC1E48ED4C001A48CC /* LaunchScreen.storyboard */ = {
			isa = PBXVariantGroup;
			children = (
				EE5591AD1E48ED4C001A48CC /* Base */,
			);
			name = LaunchScreen.storyboard;
			sourceTree = "<group>";
		};
/* End PBXVariantGroup section */

/* Begin XCBuildConfiguration section */
		EE5591B01E48ED4C001A48CC /* Debug */ = {
			isa = XCBuildConfiguration;
			buildSettings = {
				ALWAYS_SEARCH_USER_PATHS = NO;
				CLANG_ANALYZER_NONNULL = YES;
				CLANG_CXX_LANGUAGE_STANDARD = "gnu++0x";
				CLANG_CXX_LIBRARY = "libc++";
				CLANG_ENABLE_MODULES = YES;
				CLANG_ENABLE_OBJC_ARC = YES;
				CLANG_WARN_BOOL_CONVERSION = YES;
				CLANG_WARN_CONSTANT_CONVERSION = YES;
				CLANG_WARN_DIRECT_OBJC_ISA_USAGE = YES_ERROR;
				CLANG_WARN_DOCUMENTATION_COMMENTS = YES;
				CLANG_WARN_EMPTY_BODY = YES;
				CLANG_WARN_ENUM_CONVERSION = YES;
				CLANG_WARN_INFINITE_RECURSION = YES;
				CLANG_WARN_INT_CONVERSION = YES;
				CLANG_WARN_OBJC_ROOT_CLASS = YES_ERROR;
				CLANG_WARN_SUSPICIOUS_MOVE = YES;
				CLANG_WARN_UNREACHABLE_CODE = YES;
				CLANG_WARN__DUPLICATE_METHOD_MATCH = YES;
				"CODE_SIGN_IDENTITY[sdk=iphoneos*]" = "iPhone Developer";
				COPY_PHASE_STRIP = NO;
				DEBUG_INFORMATION_FORMAT = dwarf;
				ENABLE_STRICT_OBJC_MSGSEND = YES;
				ENABLE_TESTABILITY = YES;
				GCC_C_LANGUAGE_STANDARD = gnu99;
				GCC_DYNAMIC_NO_PIC = NO;
				GCC_NO_COMMON_BLOCKS = YES;
				GCC_OPTIMIZATION_LEVEL = 0;
				GCC_PREPROCESSOR_DEFINITIONS = (
					"DEBUG=1",
					"$(inherited)",
				);
				GCC_WARN_64_TO_32_BIT_CONVERSION = YES;
				GCC_WARN_ABOUT_RETURN_TYPE = YES_ERROR;
				GCC_WARN_UNDECLARED_SELECTOR = YES;
				GCC_WARN_UNINITIALIZED_AUTOS = YES_AGGRESSIVE;
				GCC_WARN_UNUSED_FUNCTION = YES;
				GCC_WARN_UNUSED_VARIABLE = YES;
				IPHONEOS_DEPLOYMENT_TARGET = 10.2;
				MTL_ENABLE_DEBUG_INFO = YES;
				ONLY_ACTIVE_ARCH = YES;
				SDKROOT = iphoneos;
				SWIFT_ACTIVE_COMPILATION_CONDITIONS = DEBUG;
				SWIFT_OPTIMIZATION_LEVEL = "-Onone";
			};
			name = Debug;
		};
		EE5591B11E48ED4C001A48CC /* Release */ = {
			isa = XCBuildConfiguration;
			buildSettings = {
				ALWAYS_SEARCH_USER_PATHS = NO;
				CLANG_ANALYZER_NONNULL = YES;
				CLANG_CXX_LANGUAGE_STANDARD = "gnu++0x";
				CLANG_CXX_LIBRARY = "libc++";
				CLANG_ENABLE_MODULES = YES;
				CLANG_ENABLE_OBJC_ARC = YES;
				CLANG_WARN_BOOL_CONVERSION = YES;
				CLANG_WARN_CONSTANT_CONVERSION = YES;
				CLANG_WARN_DIRECT_OBJC_ISA_USAGE = YES_ERROR;
				CLANG_WARN_DOCUMENTATION_COMMENTS = YES;
				CLANG_WARN_EMPTY_BODY = YES;
				CLANG_WARN_ENUM_CONVERSION = YES;
				CLANG_WARN_INFINITE_RECURSION = YES;
				CLANG_WARN_INT_CONVERSION = YES;
				CLANG_WARN_OBJC_ROOT_CLASS = YES_ERROR;
				CLANG_WARN_SUSPICIOUS_MOVE = YES;
				CLANG_WARN_UNREACHABLE_CODE = YES;
				CLANG_WARN__DUPLICATE_METHOD_MATCH = YES;
				"CODE_SIGN_IDENTITY[sdk=iphoneos*]" = "iPhone Developer";
				COPY_PHASE_STRIP = NO;
				DEBUG_INFORMATION_FORMAT = "dwarf-with-dsym";
				ENABLE_NS_ASSERTIONS = NO;
				ENABLE_STRICT_OBJC_MSGSEND = YES;
				GCC_C_LANGUAGE_STANDARD = gnu99;
				GCC_NO_COMMON_BLOCKS = YES;
				GCC_WARN_64_TO_32_BIT_CONVERSION = YES;
				GCC_WARN_ABOUT_RETURN_TYPE = YES_ERROR;
				GCC_WARN_UNDECLARED_SELECTOR = YES;
				GCC_WARN_UNINITIALIZED_AUTOS = YES_AGGRESSIVE;
				GCC_WARN_UNUSED_FUNCTION = YES;
				GCC_WARN_UNUSED_VARIABLE = YES;
				IPHONEOS_DEPLOYMENT_TARGET = 10.2;
				MTL_ENABLE_DEBUG_INFO = NO;
				SDKROOT = iphoneos;
				SWIFT_OPTIMIZATION_LEVEL = "-Owholemodule";
				VALIDATE_PRODUCT = YES;
			};
			name = Release;
		};
		EE5591B31E48ED4C001A48CC /* Debug */ = {
			isa = XCBuildConfiguration;
			buildSettings = {
				ASSETCATALOG_COMPILER_APPICON_NAME = AppIcon;
				INFOPLIST_FILE = SNews/Info.plist;
				LD_RUNPATH_SEARCH_PATHS = "$(inherited) @executable_path/Frameworks";
				PRODUCT_BUNDLE_IDENTIFIER = com.Sukhrat.Sample.SNews;
				PRODUCT_NAME = "$(TARGET_NAME)";
				SWIFT_VERSION = 3.0;
			};
			name = Debug;
		};
		EE5591B41E48ED4C001A48CC /* Release */ = {
			isa = XCBuildConfiguration;
			buildSettings = {
				ASSETCATALOG_COMPILER_APPICON_NAME = AppIcon;
				INFOPLIST_FILE = SNews/Info.plist;
				LD_RUNPATH_SEARCH_PATHS = "$(inherited) @executable_path/Frameworks";
				PRODUCT_BUNDLE_IDENTIFIER = com.Sukhrat.Sample.SNews;
				PRODUCT_NAME = "$(TARGET_NAME)";
				SWIFT_VERSION = 3.0;
			};
			name = Release;
		};
/* End XCBuildConfiguration section */

/* Begin XCConfigurationList section */
		EE55919B1E48ED4C001A48CC /* Build configuration list for PBXProject "SNews" */ = {
			isa = XCConfigurationList;
			buildConfigurations = (
				EE5591B01E48ED4C001A48CC /* Debug */,
				EE5591B11E48ED4C001A48CC /* Release */,
			);
			defaultConfigurationIsVisible = 0;
			defaultConfigurationName = Release;
		};
		EE5591B21E48ED4C001A48CC /* Build configuration list for PBXNativeTarget "SNews" */ = {
			isa = XCConfigurationList;
			buildConfigurations = (
				EE5591B31E48ED4C001A48CC /* Debug */,
				EE5591B41E48ED4C001A48CC /* Release */,
			);
			defaultConfigurationIsVisible = 0;
		};
/* End XCConfigurationList section */
	};
	rootObject = EE5591981E48ED4C001A48CC /* Project object */;
}
